
Microsoft Visual Studio Solution File, Format Version 12.00
# Visual Studio Version 17
VisualStudioVersion = 17.13.35825.156 d17.13
MinimumVisualStudioVersion = 10.0.40219.1
Project("{FAE04EC0-301F-11D3-BF4B-00C04F79EFBC}") = "Hello_World", "Hello_World\Hello_World.csproj", "{4031A3FA-2237-4997-A1D5-496E5FD2EB62}"
EndProject
Project("{2150E333-8FDC-42A3-9474-1A3956D46DE8}") = "Day1", "Day1", "{02EA681E-C7D8-13C7-8484-4AC65E1B71E8}"
EndProject
Project("{FAE04EC0-301F-11D3-BF4B-00C04F79EFBC}") = "D1_T1_PositiveOrNegative", "D1_T1_PositiveOrNegative\D1_T1_PositiveOrNegative.csproj", "{53D1872A-AE85-475E-9EEC-2EB758B2A0DA}"
EndProject
Project("{FAE04EC0-301F-11D3-BF4B-00C04F79EFBC}") = "D1_T2_EvenOrOdd", "D1_T2_EvenOrOdd\D1_T2_EvenOrOdd.csproj", "{9A557E5B-3342-4FCD-9530-EB1882509B1B}"
EndProject
Project("{FAE04EC0-301F-11D3-BF4B-00C04F79EFBC}") = "D1_T3_RectangleOrSquare", "D1_T3_RectangleOrSquare\D1_T3_RectangleOrSquare.csproj", "{D0E1DE92-06F0-41FA-8A71-FE295BB334F6}"
EndProject
Project("{2150E333-8FDC-42A3-9474-1A3956D46DE8}") = "Day2", "Day2", "{08EBDFB1-EDAF-4EE1-9EA5-7AD1BB8BB9B3}"
EndProject
Project("{FAE04EC0-301F-11D3-BF4B-00C04F79EFBC}") = "D2_T1_EmployeeData", "D2_T1_EmployeeData\D2_T1_EmployeeData.csproj", "{D8F97089-2E10-42BE-8339-9E9F6DDDBDEB}"
EndProject
Project("{FAE04EC0-301F-11D3-BF4B-00C04F79EFBC}") = "D2_T2_MultiplicationTable", "D2_T2_MultiplicationTable\D2_T2_MultiplicationTable.csproj", "{7E5005BC-EDEB-4CE9-9CE9-DD90BCCC2AE3}"
EndProject
Global
	GlobalSection(SolutionConfigurationPlatforms) = preSolution
		Debug|Any CPU = Debug|Any CPU
		Release|Any CPU = Release|Any CPU
	EndGlobalSection
	GlobalSection(ProjectConfigurationPlatforms) = postSolution
		{4031A3FA-2237-4997-A1D5-496E5FD2EB62}.Debug|Any CPU.ActiveCfg = Debug|Any CPU
		{4031A3FA-2237-4997-A1D5-496E5FD2EB62}.Debug|Any CPU.Build.0 = Debug|Any CPU
		{4031A3FA-2237-4997-A1D5-496E5FD2EB62}.Release|Any CPU.ActiveCfg = Release|Any CPU
		{4031A3FA-2237-4997-A1D5-496E5FD2EB62}.Release|Any CPU.Build.0 = Release|Any CPU
		{53D1872A-AE85-475E-9EEC-2EB758B2A0DA}.Debug|Any CPU.ActiveCfg = Debug|Any CPU
		{53D1872A-AE85-475E-9EEC-2EB758B2A0DA}.Debug|Any CPU.Build.0 = Debug|Any CPU
		{53D1872A-AE85-475E-9EEC-2EB758B2A0DA}.Release|Any CPU.ActiveCfg = Release|Any CPU
		{53D1872A-AE85-475E-9EEC-2EB758B2A0DA}.Release|Any CPU.Build.0 = Release|Any CPU
		{9A557E5B-3342-4FCD-9530-EB1882509B1B}.Debug|Any CPU.ActiveCfg = Debug|Any CPU
		{9A557E5B-3342-4FCD-9530-EB1882509B1B}.Debug|Any CPU.Build.0 = Debug|Any CPU
		{9A557E5B-3342-4FCD-9530-EB1882509B1B}.Release|Any CPU.ActiveCfg = Release|Any CPU
		{9A557E5B-3342-4FCD-9530-EB1882509B1B}.Release|Any CPU.Build.0 = Release|Any CPU
		{D0E1DE92-06F0-41FA-8A71-FE295BB334F6}.Debug|Any CPU.ActiveCfg = Debug|Any CPU
		{D0E1DE92-06F0-41FA-8A71-FE295BB334F6}.Debug|Any CPU.Build.0 = Debug|Any CPU
		{D0E1DE92-06F0-41FA-8A71-FE295BB334F6}.Release|Any CPU.ActiveCfg = Release|Any CPU
		{D0E1DE92-06F0-41FA-8A71-FE295BB334F6}.Release|Any CPU.Build.0 = Release|Any CPU
		{D8F97089-2E10-42BE-8339-9E9F6DDDBDEB}.Debug|Any CPU.ActiveCfg = Debug|Any CPU
		{D8F97089-2E10-42BE-8339-9E9F6DDDBDEB}.Debug|Any CPU.Build.0 = Debug|Any CPU
		{D8F97089-2E10-42BE-8339-9E9F6DDDBDEB}.Release|Any CPU.ActiveCfg = Release|Any CPU
		{D8F97089-2E10-42BE-8339-9E9F6DDDBDEB}.Release|Any CPU.Build.0 = Release|Any CPU
		{7E5005BC-EDEB-4CE9-9CE9-DD90BCCC2AE3}.Debug|Any CPU.ActiveCfg = Debug|Any CPU
		{7E5005BC-EDEB-4CE9-9CE9-DD90BCCC2AE3}.Debug|Any CPU.Build.0 = Debug|Any CPU
		{7E5005BC-EDEB-4CE9-9CE9-DD90BCCC2AE3}.Release|Any CPU.ActiveCfg = Release|Any CPU
		{7E5005BC-EDEB-4CE9-9CE9-DD90BCCC2AE3}.Release|Any CPU.Build.0 = Release|Any CPU
	EndGlobalSection
	GlobalSection(SolutionProperties) = preSolution
		HideSolutionNode = FALSE
	EndGlobalSection
	GlobalSection(NestedProjects) = preSolution
		{4031A3FA-2237-4997-A1D5-496E5FD2EB62} = {02EA681E-C7D8-13C7-8484-4AC65E1B71E8}
		{53D1872A-AE85-475E-9EEC-2EB758B2A0DA} = {02EA681E-C7D8-13C7-8484-4AC65E1B71E8}
		{9A557E5B-3342-4FCD-9530-EB1882509B1B} = {02EA681E-C7D8-13C7-8484-4AC65E1B71E8}
		{D0E1DE92-06F0-41FA-8A71-FE295BB334F6} = {02EA681E-C7D8-13C7-8484-4AC65E1B71E8}
		{D8F97089-2E10-42BE-8339-9E9F6DDDBDEB} = {08EBDFB1-EDAF-4EE1-9EA5-7AD1BB8BB9B3}
		{7E5005BC-EDEB-4CE9-9CE9-DD90BCCC2AE3} = {08EBDFB1-EDAF-4EE1-9EA5-7AD1BB8BB9B3}
	EndGlobalSection
	GlobalSection(ExtensibilityGlobals) = postSolution
		SolutionGuid = {022C1CD9-D84A-4120-8A6F-CB251E17AFDF}
	EndGlobalSection
EndGlobal
